
Microsoft Visual Studio Solution File, Format Version 12.00
# Visual Studio 2013
VisualStudioVersion = 12.0.31101.0
MinimumVisualStudioVersion = 10.0.40219.1
Project("{FAE04EC0-301F-11D3-BF4B-00C04F79EFBC}") = "IL2CDR", "IL2CDR\IL2CDR.csproj", "{59DB358A-01CF-446F-954D-0C993DADB561}"
EndProject
Project("{FAE04EC0-301F-11D3-BF4B-00C04F79EFBC}") = "Scripts", "Scripts\Scripts.csproj", "{3DF1DBE1-792A-46ED-AEEF-4B73F4029473}"
EndProject
Project("{FAE04EC0-301F-11D3-BF4B-00C04F79EFBC}") = "IL2CDRTests", "IL2CDRTests\IL2CDRTests.csproj", "{8B273546-2EFC-48E6-85FF-404B2B911E3E}"
EndProject
Project("{A0786B88-2ADB-4C21-ABE8-AA2D79766269}") = "web", "web\web.phpproj", "{09C6CF6B-C0A4-4F42-B2E0-F9570CB4A126}"
EndProject

Global
	GlobalSection(SolutionConfigurationPlatforms) = preSolution
		Debug|Any CPU = Debug|Any CPU
		Release|Any CPU = Release|Any CPU
	EndGlobalSection
	GlobalSection(ProjectConfigurationPlatforms) = postSolution
		{59DB358A-01CF-446F-954D-0C993DADB561}.Debug|Any CPU.ActiveCfg = Debug|Any CPU
		{59DB358A-01CF-446F-954D-0C993DADB561}.Debug|Any CPU.Build.0 = Debug|Any CPU
		{59DB358A-01CF-446F-954D-0C993DADB561}.Release|Any CPU.ActiveCfg = Release|Any CPU
		{59DB358A-01CF-446F-954D-0C993DADB561}.Release|Any CPU.Build.0 = Release|Any CPU
		{3DF1DBE1-792A-46ED-AEEF-4B73F4029473}.Debug|Any CPU.ActiveCfg = Debug|Any CPU
		{3DF1DBE1-792A-46ED-AEEF-4B73F4029473}.Debug|Any CPU.Build.0 = Debug|Any CPU
		{3DF1DBE1-792A-46ED-AEEF-4B73F4029473}.Release|Any CPU.ActiveCfg = Release|Any CPU
		{3DF1DBE1-792A-46ED-AEEF-4B73F4029473}.Release|Any CPU.Build.0 = Release|Any CPU
		{8B273546-2EFC-48E6-85FF-404B2B911E3E}.Debug|Any CPU.ActiveCfg = Debug|Any CPU
		{8B273546-2EFC-48E6-85FF-404B2B911E3E}.Debug|Any CPU.Build.0 = Debug|Any CPU
		{8B273546-2EFC-48E6-85FF-404B2B911E3E}.Release|Any CPU.ActiveCfg = Release|Any CPU
		{8B273546-2EFC-48E6-85FF-404B2B911E3E}.Release|Any CPU.Build.0 = Release|Any CPU
		{09C6CF6B-C0A4-4F42-B2E0-F9570CB4A126}.Debug|Any CPU.ActiveCfg = Debug|Any CPU
		{09C6CF6B-C0A4-4F42-B2E0-F9570CB4A126}.Debug|Any CPU.Build.0 = Debug|Any CPU
		{09C6CF6B-C0A4-4F42-B2E0-F9570CB4A126}.Release|Any CPU.ActiveCfg = Release|Any CPU
		{09C6CF6B-C0A4-4F42-B2E0-F9570CB4A126}.Release|Any CPU.Build.0 = Release|Any CPU
	EndGlobalSection
	GlobalSection(SolutionProperties) = preSolution
		HideSolutionNode = FALSE
	EndGlobalSection
EndGlobal
